
Microsoft Visual Studio Solution File, Format Version 12.00
# Visual Studio 15
VisualStudioVersion = 15.0.27130.2036
MinimumVisualStudioVersion = 10.0.40219.1
Project("{FAE04EC0-301F-11D3-BF4B-00C04F79EFBC}") = "CMWTAT_DIGITAL", "CMWTAT_DIGITAL\CMWTAT_DIGITAL.csproj", "{961DE925-B82C-4515-8FBD-6805E36D1212}"
EndProject
Global
	GlobalSection(SolutionConfigurationPlatforms) = preSolution
		Debug|Any CPU = Debug|Any CPU
		Release|Any CPU = Release|Any CPU
	EndGlobalSection
	GlobalSection(ProjectConfigurationPlatforms) = postSolution
		{961DE925-B82C-4515-8FBD-6805E36D1212}.Debug|Any CPU.ActiveCfg = Debug|Any CPU
		{961DE925-B82C-4515-8FBD-6805E36D1212}.Debug|Any CPU.Build.0 = Debug|Any CPU
		{961DE925-B82C-4515-8FBD-6805E36D1212}.Release|Any CPU.ActiveCfg = Release|Any CPU
		{961DE925-B82C-4515-8FBD-6805E36D1212}.Release|Any CPU.Build.0 = Release|Any CPU
	EndGlobalSection
	GlobalSection(SolutionProperties) = preSolution
		HideSolutionNode = FALSE
	EndGlobalSection
	GlobalSection(ExtensibilityGlobals) = postSolution
		SolutionGuid = {653ED007-6FEF-4A82-9898-F60578205F1C}
	EndGlobalSection
EndGlobal
